
Microsoft Visual Studio Solution File, Format Version 12.00
# Visual Studio Version 16
VisualStudioVersion = 16.0.30413.136
MinimumVisualStudioVersion = 10.0.40219.1
Project("{888888A0-9F3D-457C-B088-3A5042F75D52}") = "Isikukood", "Isikukood.pyproj", "{B246E5BA-9059-4107-BF0E-18066D956BDE}"
EndProject
Global
	GlobalSection(SolutionConfigurationPlatforms) = preSolution
		Debug|Any CPU = Debug|Any CPU
		Release|Any CPU = Release|Any CPU
	EndGlobalSection
	GlobalSection(ProjectConfigurationPlatforms) = postSolution
		{B246E5BA-9059-4107-BF0E-18066D956BDE}.Debug|Any CPU.ActiveCfg = Debug|Any CPU
		{B246E5BA-9059-4107-BF0E-18066D956BDE}.Release|Any CPU.ActiveCfg = Release|Any CPU
	EndGlobalSection
	GlobalSection(SolutionProperties) = preSolution
		HideSolutionNode = FALSE
	EndGlobalSection
	GlobalSection(ExtensibilityGlobals) = postSolution
		SolutionGuid = {08DC7B2D-C459-4DD0-B3D2-9318075168F5}
	EndGlobalSection
EndGlobal
